// !$*UTF8*$!
{
	archiveVersion = 1;
	classes = {
	};
	objectVersion = 56;
	objects = {

/* Begin PBXBuildFile section */
		7456C8D129B1854900A9C13C /* GoogleService-Info.plist in Resources */ = {isa = PBXBuildFile; fileRef = 7456C8D029B1854900A9C13C /* GoogleService-Info.plist */; };
		7456C90729B194DC00A9C13C /* FirebaseAuth in Frameworks */ = {isa = PBXBuildFile; productRef = 7456C90629B194DC00A9C13C /* FirebaseAuth */; };
		7456C90929B194DC00A9C13C /* FirebaseAuthCombine-Community in Frameworks */ = {isa = PBXBuildFile; productRef = 7456C90829B194DC00A9C13C /* FirebaseAuthCombine-Community */; };
		D0541ED529AD8F430053346E /* AppDelegate.swift in Sources */ = {isa = PBXBuildFile; fileRef = D0541ED429AD8F430053346E /* AppDelegate.swift */; };
		D0541ED729AD8F430053346E /* SceneDelegate.swift in Sources */ = {isa = PBXBuildFile; fileRef = D0541ED629AD8F430053346E /* SceneDelegate.swift */; };
		D0541ED929AD8F430053346E /* ViewController.swift in Sources */ = {isa = PBXBuildFile; fileRef = D0541ED829AD8F430053346E /* ViewController.swift */; };
		D0541EDC29AD8F430053346E /* Main.storyboard in Resources */ = {isa = PBXBuildFile; fileRef = D0541EDA29AD8F430053346E /* Main.storyboard */; };
		D0541EDE29AD8F440053346E /* Assets.xcassets in Resources */ = {isa = PBXBuildFile; fileRef = D0541EDD29AD8F440053346E /* Assets.xcassets */; };
		D0541EE129AD8F440053346E /* LaunchScreen.storyboard in Resources */ = {isa = PBXBuildFile; fileRef = D0541EDF29AD8F440053346E /* LaunchScreen.storyboard */; };
		D074736829AFF6A600B0B1D3 /* .gitattributes in Resources */ = {isa = PBXBuildFile; fileRef = D074736729AFF6A600B0B1D3 /* .gitattributes */; };
/* End PBXBuildFile section */

/* Begin PBXFileReference section */
		7456C8D029B1854900A9C13C /* GoogleService-Info.plist */ = {isa = PBXFileReference; fileEncoding = 4; lastKnownFileType = text.plist.xml; path = "GoogleService-Info.plist"; sourceTree = "<group>"; };
		D0541ED129AD8F430053346E /* CartSquad.app */ = {isa = PBXFileReference; explicitFileType = wrapper.application; includeInIndex = 0; path = CartSquad.app; sourceTree = BUILT_PRODUCTS_DIR; };
		D0541ED429AD8F430053346E /* AppDelegate.swift */ = {isa = PBXFileReference; lastKnownFileType = sourcecode.swift; path = AppDelegate.swift; sourceTree = "<group>"; };
		D0541ED629AD8F430053346E /* SceneDelegate.swift */ = {isa = PBXFileReference; lastKnownFileType = sourcecode.swift; path = SceneDelegate.swift; sourceTree = "<group>"; };
		D0541ED829AD8F430053346E /* ViewController.swift */ = {isa = PBXFileReference; lastKnownFileType = sourcecode.swift; path = ViewController.swift; sourceTree = "<group>"; };
		D0541EDB29AD8F430053346E /* Base */ = {isa = PBXFileReference; lastKnownFileType = file.storyboard; name = Base; path = Base.lproj/Main.storyboard; sourceTree = "<group>"; };
		D0541EDD29AD8F440053346E /* Assets.xcassets */ = {isa = PBXFileReference; lastKnownFileType = folder.assetcatalog; path = Assets.xcassets; sourceTree = "<group>"; };
		D0541EE029AD8F440053346E /* Base */ = {isa = PBXFileReference; lastKnownFileType = file.storyboard; name = Base; path = Base.lproj/LaunchScreen.storyboard; sourceTree = "<group>"; };
		D0541EE229AD8F440053346E /* Info.plist */ = {isa = PBXFileReference; lastKnownFileType = text.plist.xml; path = Info.plist; sourceTree = "<group>"; };
		D074736729AFF6A600B0B1D3 /* .gitattributes */ = {isa = PBXFileReference; lastKnownFileType = text; path = .gitattributes; sourceTree = "<group>"; };
/* End PBXFileReference section */

/* Begin PBXFrameworksBuildPhase section */
		D0541ECE29AD8F430053346E /* Frameworks */ = {
			isa = PBXFrameworksBuildPhase;
			buildActionMask = 2147483647;
			files = (
				7456C90729B194DC00A9C13C /* FirebaseAuth in Frameworks */,
				7456C90929B194DC00A9C13C /* FirebaseAuthCombine-Community in Frameworks */,
			);
			runOnlyForDeploymentPostprocessing = 0;
		};
/* End PBXFrameworksBuildPhase section */

/* Begin PBXGroup section */
		D0541EC829AD8F430053346E = {
			isa = PBXGroup;
			children = (
				D074736729AFF6A600B0B1D3 /* .gitattributes */,
				D0541ED329AD8F430053346E /* CartSquad */,
				D0541ED229AD8F430053346E /* Products */,
			);
			sourceTree = "<group>";
		};
		D0541ED229AD8F430053346E /* Products */ = {
			isa = PBXGroup;
			children = (
				D0541ED129AD8F430053346E /* CartSquad.app */,
			);
			name = Products;
			sourceTree = "<group>";
		};
		D0541ED329AD8F430053346E /* CartSquad */ = {
			isa = PBXGroup;
			children = (
				D0541ED429AD8F430053346E /* AppDelegate.swift */,
				D0541ED629AD8F430053346E /* SceneDelegate.swift */,
				D0541ED829AD8F430053346E /* ViewController.swift */,
				D0541EDA29AD8F430053346E /* Main.storyboard */,
				D0541EDD29AD8F440053346E /* Assets.xcassets */,
				D0541EDF29AD8F440053346E /* LaunchScreen.storyboard */,
				D0541EE229AD8F440053346E /* Info.plist */,
				7456C8D029B1854900A9C13C /* GoogleService-Info.plist */,
			);
			path = CartSquad;
			sourceTree = "<group>";
		};
/* End PBXGroup section */

/* Begin PBXNativeTarget section */
		D0541ED029AD8F430053346E /* CartSquad */ = {
			isa = PBXNativeTarget;
			buildConfigurationList = D0541EE529AD8F440053346E /* Build configuration list for PBXNativeTarget "CartSquad" */;
			buildPhases = (
				D0541ECD29AD8F430053346E /* Sources */,
				D0541ECE29AD8F430053346E /* Frameworks */,
				D0541ECF29AD8F430053346E /* Resources */,
			);
			buildRules = (
			);
			dependencies = (
			);
			name = CartSquad;
			packageProductDependencies = (
				7456C90629B194DC00A9C13C /* FirebaseAuth */,
				7456C90829B194DC00A9C13C /* FirebaseAuthCombine-Community */,
			);
			productName = CartSquad;
			productReference = D0541ED129AD8F430053346E /* CartSquad.app */;
			productType = "com.apple.product-type.application";
		};
/* End PBXNativeTarget section */

/* Begin PBXProject section */
		D0541EC929AD8F430053346E /* Project object */ = {
			isa = PBXProject;
			attributes = {
				BuildIndependentTargetsInParallel = 1;
				LastSwiftUpdateCheck = 1410;
				LastUpgradeCheck = 1410;
				TargetAttributes = {
					D0541ED029AD8F430053346E = {
						CreatedOnToolsVersion = 14.1;
					};
				};
			};
			buildConfigurationList = D0541ECC29AD8F430053346E /* Build configuration list for PBXProject "CartSquad" */;
			compatibilityVersion = "Xcode 14.0";
			developmentRegion = en;
			hasScannedForEncodings = 0;
			knownRegions = (
				en,
				Base,
			);
			mainGroup = D0541EC829AD8F430053346E;
			packageReferences = (
				7456C90529B194DC00A9C13C /* XCRemoteSwiftPackageReference "firebase-ios-sdk" */,
			);
			productRefGroup = D0541ED229AD8F430053346E /* Products */;
			projectDirPath = "";
			projectRoot = "";
			targets = (
				D0541ED029AD8F430053346E /* CartSquad */,
			);
		};
/* End PBXProject section */

/* Begin PBXResourcesBuildPhase section */
		D0541ECF29AD8F430053346E /* Resources */ = {
			isa = PBXResourcesBuildPhase;
			buildActionMask = 2147483647;
			files = (
				D0541EE129AD8F440053346E /* LaunchScreen.storyboard in Resources */,
				D0541EDE29AD8F440053346E /* Assets.xcassets in Resources */,
				7456C8D129B1854900A9C13C /* GoogleService-Info.plist in Resources */,
				D0541EDC29AD8F430053346E /* Main.storyboard in Resources */,
				D074736829AFF6A600B0B1D3 /* .gitattributes in Resources */,
			);
			runOnlyForDeploymentPostprocessing = 0;
		};
/* End PBXResourcesBuildPhase section */

/* Begin PBXSourcesBuildPhase section */
		D0541ECD29AD8F430053346E /* Sources */ = {
			isa = PBXSourcesBuildPhase;
			buildActionMask = 2147483647;
			files = (
				D0541ED929AD8F430053346E /* ViewController.swift in Sources */,
				D0541ED529AD8F430053346E /* AppDelegate.swift in Sources */,
				D0541ED729AD8F430053346E /* SceneDelegate.swift in Sources */,
			);
			runOnlyForDeploymentPostprocessing = 0;
		};
/* End PBXSourcesBuildPhase section */

/* Begin PBXVariantGroup section */
		D0541EDA29AD8F430053346E /* Main.storyboard */ = {
			isa = PBXVariantGroup;
			children = (
				D0541EDB29AD8F430053346E /* Base */,
			);
			name = Main.storyboard;
			sourceTree = "<group>";
		};
		D0541EDF29AD8F440053346E /* LaunchScreen.storyboard */ = {
			isa = PBXVariantGroup;
			children = (
				D0541EE029AD8F440053346E /* Base */,
			);
			name = LaunchScreen.storyboard;
			sourceTree = "<group>";
		};
/* End PBXVariantGroup section */

/* Begin XCBuildConfiguration section */
		D0541EE329AD8F440053346E /* Debug */ = {
			isa = XCBuildConfiguration;
			buildSettings = {
				ALWAYS_SEARCH_USER_PATHS = NO;
				CLANG_ANALYZER_NONNULL = YES;
				CLANG_ANALYZER_NUMBER_OBJECT_CONVERSION = YES_AGGRESSIVE;
				CLANG_CXX_LANGUAGE_STANDARD = "gnu++20";
				CLANG_ENABLE_MODULES = YES;
				CLANG_ENABLE_OBJC_ARC = YES;
				CLANG_ENABLE_OBJC_WEAK = YES;
				CLANG_WARN_BLOCK_CAPTURE_AUTORELEASING = YES;
				CLANG_WARN_BOOL_CONVERSION = YES;
				CLANG_WARN_COMMA = YES;
				CLANG_WARN_CONSTANT_CONVERSION = YES;
				CLANG_WARN_DEPRECATED_OBJC_IMPLEMENTATIONS = YES;
				CLANG_WARN_DIRECT_OBJC_ISA_USAGE = YES_ERROR;
				CLANG_WARN_DOCUMENTATION_COMMENTS = YES;
				CLANG_WARN_EMPTY_BODY = YES;
				CLANG_WARN_ENUM_CONVERSION = YES;
				CLANG_WARN_INFINITE_RECURSION = YES;
				CLANG_WARN_INT_CONVERSION = YES;
				CLANG_WARN_NON_LITERAL_NULL_CONVERSION = YES;
				CLANG_WARN_OBJC_IMPLICIT_RETAIN_SELF = YES;
				CLANG_WARN_OBJC_LITERAL_CONVERSION = YES;
				CLANG_WARN_OBJC_ROOT_CLASS = YES_ERROR;
				CLANG_WARN_QUOTED_INCLUDE_IN_FRAMEWORK_HEADER = YES;
				CLANG_WARN_RANGE_LOOP_ANALYSIS = YES;
				CLANG_WARN_STRICT_PROTOTYPES = YES;
				CLANG_WARN_SUSPICIOUS_MOVE = YES;
				CLANG_WARN_UNGUARDED_AVAILABILITY = YES_AGGRESSIVE;
				CLANG_WARN_UNREACHABLE_CODE = YES;
				CLANG_WARN__DUPLICATE_METHOD_MATCH = YES;
				COPY_PHASE_STRIP = NO;
				DEBUG_INFORMATION_FORMAT = dwarf;
				ENABLE_STRICT_OBJC_MSGSEND = YES;
				ENABLE_TESTABILITY = YES;
				GCC_C_LANGUAGE_STANDARD = gnu11;
				GCC_DYNAMIC_NO_PIC = NO;
				GCC_NO_COMMON_BLOCKS = YES;
				GCC_OPTIMIZATION_LEVEL = 0;
				GCC_PREPROCESSOR_DEFINITIONS = (
					"DEBUG=1",
					"$(inherited)",
				);
				GCC_WARN_64_TO_32_BIT_CONVERSION = YES;
				GCC_WARN_ABOUT_RETURN_TYPE = YES_ERROR;
				GCC_WARN_UNDECLARED_SELECTOR = YES;
				GCC_WARN_UNINITIALIZED_AUTOS = YES_AGGRESSIVE;
				GCC_WARN_UNUSED_FUNCTION = YES;
				GCC_WARN_UNUSED_VARIABLE = YES;
				IPHONEOS_DEPLOYMENT_TARGET = 16.1;
				MTL_ENABLE_DEBUG_INFO = INCLUDE_SOURCE;
				MTL_FAST_MATH = YES;
				ONLY_ACTIVE_ARCH = YES;
				SDKROOT = iphoneos;
				SWIFT_ACTIVE_COMPILATION_CONDITIONS = DEBUG;
				SWIFT_OPTIMIZATION_LEVEL = "-Onone";
			};
			name = Debug;
		};
		D0541EE429AD8F440053346E /* Release */ = {
			isa = XCBuildConfiguration;
			buildSettings = {
				ALWAYS_SEARCH_USER_PATHS = NO;
				CLANG_ANALYZER_NONNULL = YES;
				CLANG_ANALYZER_NUMBER_OBJECT_CONVERSION = YES_AGGRESSIVE;
				CLANG_CXX_LANGUAGE_STANDARD = "gnu++20";
				CLANG_ENABLE_MODULES = YES;
				CLANG_ENABLE_OBJC_ARC = YES;
				CLANG_ENABLE_OBJC_WEAK = YES;
				CLANG_WARN_BLOCK_CAPTURE_AUTORELEASING = YES;
				CLANG_WARN_BOOL_CONVERSION = YES;
				CLANG_WARN_COMMA = YES;
				CLANG_WARN_CONSTANT_CONVERSION = YES;
				CLANG_WARN_DEPRECATED_OBJC_IMPLEMENTATIONS = YES;
				CLANG_WARN_DIRECT_OBJC_ISA_USAGE = YES_ERROR;
				CLANG_WARN_DOCUMENTATION_COMMENTS = YES;
				CLANG_WARN_EMPTY_BODY = YES;
				CLANG_WARN_ENUM_CONVERSION = YES;
				CLANG_WARN_INFINITE_RECURSION = YES;
				CLANG_WARN_INT_CONVERSION = YES;
				CLANG_WARN_NON_LITERAL_NULL_CONVERSION = YES;
				CLANG_WARN_OBJC_IMPLICIT_RETAIN_SELF = YES;
				CLANG_WARN_OBJC_LITERAL_CONVERSION = YES;
				CLANG_WARN_OBJC_ROOT_CLASS = YES_ERROR;
				CLANG_WARN_QUOTED_INCLUDE_IN_FRAMEWORK_HEADER = YES;
				CLANG_WARN_RANGE_LOOP_ANALYSIS = YES;
				CLANG_WARN_STRICT_PROTOTYPES = YES;
				CLANG_WARN_SUSPICIOUS_MOVE = YES;
				CLANG_WARN_UNGUARDED_AVAILABILITY = YES_AGGRESSIVE;
				CLANG_WARN_UNREACHABLE_CODE = YES;
				CLANG_WARN__DUPLICATE_METHOD_MATCH = YES;
				COPY_PHASE_STRIP = NO;
				DEBUG_INFORMATION_FORMAT = "dwarf-with-dsym";
				ENABLE_NS_ASSERTIONS = NO;
				ENABLE_STRICT_OBJC_MSGSEND = YES;
				GCC_C_LANGUAGE_STANDARD = gnu11;
				GCC_NO_COMMON_BLOCKS = YES;
				GCC_WARN_64_TO_32_BIT_CONVERSION = YES;
				GCC_WARN_ABOUT_RETURN_TYPE = YES_ERROR;
				GCC_WARN_UNDECLARED_SELECTOR = YES;
				GCC_WARN_UNINITIALIZED_AUTOS = YES_AGGRESSIVE;
				GCC_WARN_UNUSED_FUNCTION = YES;
				GCC_WARN_UNUSED_VARIABLE = YES;
				IPHONEOS_DEPLOYMENT_TARGET = 16.1;
				MTL_ENABLE_DEBUG_INFO = NO;
				MTL_FAST_MATH = YES;
				SDKROOT = iphoneos;
				SWIFT_COMPILATION_MODE = wholemodule;
				SWIFT_OPTIMIZATION_LEVEL = "-O";
				VALIDATE_PRODUCT = YES;
			};
			name = Release;
		};
		D0541EE629AD8F440053346E /* Debug */ = {
			isa = XCBuildConfiguration;
			buildSettings = {
				ASSETCATALOG_COMPILER_APPICON_NAME = AppIcon;
				ASSETCATALOG_COMPILER_GLOBAL_ACCENT_COLOR_NAME = AccentColor;
				CODE_SIGN_STYLE = Automatic;
				CURRENT_PROJECT_VERSION = 1;
				DEVELOPMENT_TEAM = Q7FSDDVS26;
				GENERATE_INFOPLIST_FILE = YES;
				INFOPLIST_FILE = CartSquad/Info.plist;
				INFOPLIST_KEY_UIApplicationSupportsIndirectInputEvents = YES;
				INFOPLIST_KEY_UILaunchStoryboardName = LaunchScreen;
				INFOPLIST_KEY_UIMainStoryboardFile = Main;
				INFOPLIST_KEY_UISupportedInterfaceOrientations_iPad = "UIInterfaceOrientationPortrait UIInterfaceOrientationPortraitUpsideDown UIInterfaceOrientationLandscapeLeft UIInterfaceOrientationLandscapeRight";
				INFOPLIST_KEY_UISupportedInterfaceOrientations_iPhone = "UIInterfaceOrientationPortrait UIInterfaceOrientationLandscapeLeft UIInterfaceOrientationLandscapeRight";
				LD_RUNPATH_SEARCH_PATHS = (
					"$(inherited)",
					"@executable_path/Frameworks",
				);
				MARKETING_VERSION = 1.0;
				PRODUCT_BUNDLE_IDENTIFIER = utcs.CartSquad;
				PRODUCT_NAME = "$(TARGET_NAME)";
				SWIFT_EMIT_LOC_STRINGS = YES;
				SWIFT_VERSION = 5.0;
				TARGETED_DEVICE_FAMILY = "1,2";
			};
			name = Debug;
		};
		D0541EE729AD8F440053346E /* Release */ = {
			isa = XCBuildConfiguration;
			buildSettings = {
				ASSETCATALOG_COMPILER_APPICON_NAME = AppIcon;
				ASSETCATALOG_COMPILER_GLOBAL_ACCENT_COLOR_NAME = AccentColor;
				CODE_SIGN_STYLE = Automatic;
				CURRENT_PROJECT_VERSION = 1;
				DEVELOPMENT_TEAM = Q7FSDDVS26;
				GENERATE_INFOPLIST_FILE = YES;
				INFOPLIST_FILE = CartSquad/Info.plist;
				INFOPLIST_KEY_UIApplicationSupportsIndirectInputEvents = YES;
				INFOPLIST_KEY_UILaunchStoryboardName = LaunchScreen;
				INFOPLIST_KEY_UIMainStoryboardFile = Main;
				INFOPLIST_KEY_UISupportedInterfaceOrientations_iPad = "UIInterfaceOrientationPortrait UIInterfaceOrientationPortraitUpsideDown UIInterfaceOrientationLandscapeLeft UIInterfaceOrientationLandscapeRight";
				INFOPLIST_KEY_UISupportedInterfaceOrientations_iPhone = "UIInterfaceOrientationPortrait UIInterfaceOrientationLandscapeLeft UIInterfaceOrientationLandscapeRight";
				LD_RUNPATH_SEARCH_PATHS = (
					"$(inherited)",
					"@executable_path/Frameworks",
				);
				MARKETING_VERSION = 1.0;
				PRODUCT_BUNDLE_IDENTIFIER = utcs.CartSquad;
				PRODUCT_NAME = "$(TARGET_NAME)";
				SWIFT_EMIT_LOC_STRINGS = YES;
				SWIFT_VERSION = 5.0;
				TARGETED_DEVICE_FAMILY = "1,2";
			};
			name = Release;
		};
/* End XCBuildConfiguration section */

/* Begin XCConfigurationList section */
		D0541ECC29AD8F430053346E /* Build configuration list for PBXProject "CartSquad" */ = {
			isa = XCConfigurationList;
			buildConfigurations = (
				D0541EE329AD8F440053346E /* Debug */,
				D0541EE429AD8F440053346E /* Release */,
			);
			defaultConfigurationIsVisible = 0;
			defaultConfigurationName = Release;
		};
		D0541EE529AD8F440053346E /* Build configuration list for PBXNativeTarget "CartSquad" */ = {
			isa = XCConfigurationList;
			buildConfigurations = (
				D0541EE629AD8F440053346E /* Debug */,
				D0541EE729AD8F440053346E /* Release */,
			);
			defaultConfigurationIsVisible = 0;
			defaultConfigurationName = Release;
		};
/* End XCConfigurationList section */

/* Begin XCRemoteSwiftPackageReference section */
		7456C90529B194DC00A9C13C /* XCRemoteSwiftPackageReference "firebase-ios-sdk" */ = {
			isa = XCRemoteSwiftPackageReference;
			repositoryURL = "https://github.com/firebase/firebase-ios-sdk";
			requirement = {
				kind = upToNextMajorVersion;
				minimumVersion = 9.0.0;
			};
		};
/* End XCRemoteSwiftPackageReference section */

/* Begin XCSwiftPackageProductDependency section */
		7456C90629B194DC00A9C13C /* FirebaseAuth */ = {
			isa = XCSwiftPackageProductDependency;
			package = 7456C90529B194DC00A9C13C /* XCRemoteSwiftPackageReference "firebase-ios-sdk" */;
			productName = FirebaseAuth;
		};
		7456C90829B194DC00A9C13C /* FirebaseAuthCombine-Community */ = {
			isa = XCSwiftPackageProductDependency;
			package = 7456C90529B194DC00A9C13C /* XCRemoteSwiftPackageReference "firebase-ios-sdk" */;
			productName = "FirebaseAuthCombine-Community";
		};
/* End XCSwiftPackageProductDependency section */
	};
	rootObject = D0541EC929AD8F430053346E /* Project object */;
}
