// !$*UTF8*$!
{
	archiveVersion = 1;
	classes = {
	};
	objectVersion = 56;
	objects = {

/* Begin PBXBuildFile section */
		669CC8BC29DE7A0100E919EF /* DeleteCartTableViewCell.swift in Sources */ = {isa = PBXBuildFile; fileRef = 669CC8BB29DE7A0100E919EF /* DeleteCartTableViewCell.swift */; };
		66B95DCA29D60D6F00181E8C /* EditCartSettingsTableViewController.swift in Sources */ = {isa = PBXBuildFile; fileRef = 66B95DC929D60D6F00181E8C /* EditCartSettingsTableViewController.swift */; };
		66C1B29629DD010700DA0CFA /* CartSearchResultsVC.swift in Sources */ = {isa = PBXBuildFile; fileRef = 66C1B29529DD010700DA0CFA /* CartSearchResultsVC.swift */; };
		66C1B29829DD047C00DA0CFA /* CartSearchItemCollectionViewCell.swift in Sources */ = {isa = PBXBuildFile; fileRef = 66C1B29729DD047C00DA0CFA /* CartSearchItemCollectionViewCell.swift */; };
		66C1B29A29DD121200DA0CFA /* ProductModel.swift in Sources */ = {isa = PBXBuildFile; fileRef = 66C1B29929DD121200DA0CFA /* ProductModel.swift */; };
		66C1B29C29DD1A3800DA0CFA /* ProductResponseModel.swift in Sources */ = {isa = PBXBuildFile; fileRef = 66C1B29B29DD1A3800DA0CFA /* ProductResponseModel.swift */; };
		66CB3B4829B6F584001939F7 /* CreateCartTableViewController.swift in Sources */ = {isa = PBXBuildFile; fileRef = 66CB3B3929B6F583001939F7 /* CreateCartTableViewController.swift */; };
		66CB3B4929B6F584001939F7 /* SelectedStoreCell.swift in Sources */ = {isa = PBXBuildFile; fileRef = 66CB3B3A29B6F583001939F7 /* SelectedStoreCell.swift */; };
		66CB3B4A29B6F584001939F7 /* CreateCartStoreCell.swift in Sources */ = {isa = PBXBuildFile; fileRef = 66CB3B3B29B6F583001939F7 /* CreateCartStoreCell.swift */; };
		66CB3B4B29B6F584001939F7 /* CreateCartDateCell.swift in Sources */ = {isa = PBXBuildFile; fileRef = 66CB3B3C29B6F583001939F7 /* CreateCartDateCell.swift */; };
		66CB3B4C29B6F584001939F7 /* CreateCartNameCell.swift in Sources */ = {isa = PBXBuildFile; fileRef = 66CB3B3D29B6F583001939F7 /* CreateCartNameCell.swift */; };
		66CB3B4D29B6F584001939F7 /* CreateCartImageCell.swift in Sources */ = {isa = PBXBuildFile; fileRef = 66CB3B3E29B6F583001939F7 /* CreateCartImageCell.swift */; };
		66CB3B4E29B6F584001939F7 /* AddStoreViewController.swift in Sources */ = {isa = PBXBuildFile; fileRef = 66CB3B3F29B6F583001939F7 /* AddStoreViewController.swift */; };
		66CB3B4F29B6F584001939F7 /* StoreSearchViewController.swift in Sources */ = {isa = PBXBuildFile; fileRef = 66CB3B4029B6F583001939F7 /* StoreSearchViewController.swift */; };
		66CB3B5229B6F584001939F7 /* ImagePickerProtocol.swift in Sources */ = {isa = PBXBuildFile; fileRef = 66CB3B4329B6F584001939F7 /* ImagePickerProtocol.swift */; };
		66CB3B5329B6F584001939F7 /* StoreChangerProtocol.swift in Sources */ = {isa = PBXBuildFile; fileRef = 66CB3B4429B6F584001939F7 /* StoreChangerProtocol.swift */; };
		66CB3B5429B6F584001939F7 /* SearchStoreCell.swift in Sources */ = {isa = PBXBuildFile; fileRef = 66CB3B4529B6F584001939F7 /* SearchStoreCell.swift */; };
		66CB3B5529B6F584001939F7 /* CreateCartSaveCell.swift in Sources */ = {isa = PBXBuildFile; fileRef = 66CB3B4629B6F584001939F7 /* CreateCartSaveCell.swift */; };
		66CB3B5629B6F584001939F7 /* Store.swift in Sources */ = {isa = PBXBuildFile; fileRef = 66CB3B4729B6F584001939F7 /* Store.swift */; };
		66CB3B5829B6FACF001939F7 /* CartAdderProtocol.swift in Sources */ = {isa = PBXBuildFile; fileRef = 66CB3B5729B6FACF001939F7 /* CartAdderProtocol.swift */; };
		66CB3B6229B70281001939F7 /* CartAddItemsScreenVC.swift in Sources */ = {isa = PBXBuildFile; fileRef = 66CB3B5929B70280001939F7 /* CartAddItemsScreenVC.swift */; };
		66CB3B6329B70281001939F7 /* CartItem.swift in Sources */ = {isa = PBXBuildFile; fileRef = 66CB3B5A29B70280001939F7 /* CartItem.swift */; };
		66CB3B6429B70281001939F7 /* NestedCartTableViewCell.swift in Sources */ = {isa = PBXBuildFile; fileRef = 66CB3B5B29B70280001939F7 /* NestedCartTableViewCell.swift */; };
		66CB3B6529B70281001939F7 /* CartScreenVC.swift in Sources */ = {isa = PBXBuildFile; fileRef = 66CB3B5C29B70280001939F7 /* CartScreenVC.swift */; };
		66CB3B6629B70281001939F7 /* CartCreateCustomItemVC.swift in Sources */ = {isa = PBXBuildFile; fileRef = 66CB3B5D29B70280001939F7 /* CartCreateCustomItemVC.swift */; };
		66CB3B6729B70281001939F7 /* CartItemTableViewCell.swift in Sources */ = {isa = PBXBuildFile; fileRef = 66CB3B5E29B70281001939F7 /* CartItemTableViewCell.swift */; };
		66CB3B6829B70281001939F7 /* CustomTextField.swift in Sources */ = {isa = PBXBuildFile; fileRef = 66CB3B5F29B70281001939F7 /* CustomTextField.swift */; };
		66CB3B6929B70281001939F7 /* AuthUser.swift in Sources */ = {isa = PBXBuildFile; fileRef = 66CB3B6029B70281001939F7 /* AuthUser.swift */; };
		66CB3B6A29B70281001939F7 /* CartAddCustomItemsVC.swift in Sources */ = {isa = PBXBuildFile; fileRef = 66CB3B6129B70281001939F7 /* CartAddCustomItemsVC.swift */; };
		66CB3B6D29B7058D001939F7 /* FirebaseAuth in Frameworks */ = {isa = PBXBuildFile; productRef = 66CB3B6C29B7058D001939F7 /* FirebaseAuth */; };
		66CB3B6F29B7058D001939F7 /* FirebaseAuthCombine-Community in Frameworks */ = {isa = PBXBuildFile; productRef = 66CB3B6E29B7058D001939F7 /* FirebaseAuthCombine-Community */; };
		66CB3B7129B7058D001939F7 /* FirebaseFirestore in Frameworks */ = {isa = PBXBuildFile; productRef = 66CB3B7029B7058D001939F7 /* FirebaseFirestore */; };
		66CB3B7329B7058D001939F7 /* FirebaseFirestoreCombine-Community in Frameworks */ = {isa = PBXBuildFile; productRef = 66CB3B7229B7058D001939F7 /* FirebaseFirestoreCombine-Community */; };
		66CB3B7529B7058D001939F7 /* FirebaseFirestoreSwift in Frameworks */ = {isa = PBXBuildFile; productRef = 66CB3B7429B7058D001939F7 /* FirebaseFirestoreSwift */; };
		66CB3B7729B7058D001939F7 /* FirebaseStorage in Frameworks */ = {isa = PBXBuildFile; productRef = 66CB3B7629B7058D001939F7 /* FirebaseStorage */; };
		66CB3B7929B7058D001939F7 /* FirebaseStorageCombine-Community in Frameworks */ = {isa = PBXBuildFile; productRef = 66CB3B7829B7058D001939F7 /* FirebaseStorageCombine-Community */; };
		66CB3B7B29B705C8001939F7 /* GoogleService-Info.plist in Resources */ = {isa = PBXBuildFile; fileRef = 66CB3B7A29B705C8001939F7 /* GoogleService-Info.plist */; };
		66D5853929DFA52300127E21 /* UpdateProfileInfoViewController.swift in Sources */ = {isa = PBXBuildFile; fileRef = 66D5853829DFA52300127E21 /* UpdateProfileInfoViewController.swift */; };
		66D5854029DFAF2900127E21 /* AddFriendCell.swift in Sources */ = {isa = PBXBuildFile; fileRef = 66D5853D29DFAF2800127E21 /* AddFriendCell.swift */; };
		66D5854129DFAF2900127E21 /* AddFriendsVC.swift in Sources */ = {isa = PBXBuildFile; fileRef = 66D5853E29DFAF2900127E21 /* AddFriendsVC.swift */; };
		66D5854229DFAF2900127E21 /* Friend.swift in Sources */ = {isa = PBXBuildFile; fileRef = 66D5853F29DFAF2900127E21 /* Friend.swift */; };
		66EE4EDE29DFD19300F1E4F8 /* FriendTableViewCell.swift in Sources */ = {isa = PBXBuildFile; fileRef = 66EE4EDB29DFD19300F1E4F8 /* FriendTableViewCell.swift */; };
		66EE4EDF29DFD19300F1E4F8 /* UserTableViewCell.swift in Sources */ = {isa = PBXBuildFile; fileRef = 66EE4EDC29DFD19300F1E4F8 /* UserTableViewCell.swift */; };
		66EE4EE029DFD19300F1E4F8 /* FriendsViewController.swift in Sources */ = {isa = PBXBuildFile; fileRef = 66EE4EDD29DFD19300F1E4F8 /* FriendsViewController.swift */; };
		66F5D76B29D3AD5200DC98B4 /* AddCartMemberCell.swift in Sources */ = {isa = PBXBuildFile; fileRef = 66F5D76A29D3AD5200DC98B4 /* AddCartMemberCell.swift */; };
		740B1B3A29B2D30D00493B33 /* CreateAccountViewController.swift in Sources */ = {isa = PBXBuildFile; fileRef = 740B1B3929B2D30D00493B33 /* CreateAccountViewController.swift */; };
		740B1B3C29B2D33E00493B33 /* LoginViewController.swift in Sources */ = {isa = PBXBuildFile; fileRef = 740B1B3B29B2D33E00493B33 /* LoginViewController.swift */; };
		74E00E1329B592FE00C018FF /* PicPopupViewController.swift in Sources */ = {isa = PBXBuildFile; fileRef = 74E00E1229B592FE00C018FF /* PicPopupViewController.swift */; };
		8214C36229B6CDF0005F7419 /* Cart.swift in Sources */ = {isa = PBXBuildFile; fileRef = 8214C36029B6CDF0005F7419 /* Cart.swift */; };
		8214C36329B6CDF0005F7419 /* MainMenuVC.swift in Sources */ = {isa = PBXBuildFile; fileRef = 8214C36129B6CDF0005F7419 /* MainMenuVC.swift */; };
		8287FBE729B6D6EE00229728 /* saveForBeta.storyboard in Resources */ = {isa = PBXBuildFile; fileRef = 8287FBE629B6D6EE00229728 /* saveForBeta.storyboard */; };
		82EE091F29B6CD8A0045DA40 /* PeronalInfoViewController.swift in Sources */ = {isa = PBXBuildFile; fileRef = 82EE091D29B6CD8A0045DA40 /* PeronalInfoViewController.swift */; };
		D0541ED529AD8F430053346E /* AppDelegate.swift in Sources */ = {isa = PBXBuildFile; fileRef = D0541ED429AD8F430053346E /* AppDelegate.swift */; };
		D0541ED729AD8F430053346E /* SceneDelegate.swift in Sources */ = {isa = PBXBuildFile; fileRef = D0541ED629AD8F430053346E /* SceneDelegate.swift */; };
		D0541ED929AD8F430053346E /* ViewController.swift in Sources */ = {isa = PBXBuildFile; fileRef = D0541ED829AD8F430053346E /* ViewController.swift */; };
		D0541EDC29AD8F430053346E /* Main.storyboard in Resources */ = {isa = PBXBuildFile; fileRef = D0541EDA29AD8F430053346E /* Main.storyboard */; };
		D0541EDE29AD8F440053346E /* Assets.xcassets in Resources */ = {isa = PBXBuildFile; fileRef = D0541EDD29AD8F440053346E /* Assets.xcassets */; };
		D0541EE129AD8F440053346E /* LaunchScreen.storyboard in Resources */ = {isa = PBXBuildFile; fileRef = D0541EDF29AD8F440053346E /* LaunchScreen.storyboard */; };
		D074736829AFF6A600B0B1D3 /* .gitattributes in Resources */ = {isa = PBXBuildFile; fileRef = D074736729AFF6A600B0B1D3 /* .gitattributes */; };
/* End PBXBuildFile section */

/* Begin PBXFileReference section */
		669CC8BB29DE7A0100E919EF /* DeleteCartTableViewCell.swift */ = {isa = PBXFileReference; lastKnownFileType = sourcecode.swift; path = DeleteCartTableViewCell.swift; sourceTree = "<group>"; };
		66B95DC929D60D6F00181E8C /* EditCartSettingsTableViewController.swift */ = {isa = PBXFileReference; lastKnownFileType = sourcecode.swift; path = EditCartSettingsTableViewController.swift; sourceTree = "<group>"; };
		66C1B29529DD010700DA0CFA /* CartSearchResultsVC.swift */ = {isa = PBXFileReference; lastKnownFileType = sourcecode.swift; path = CartSearchResultsVC.swift; sourceTree = "<group>"; };
		66C1B29729DD047C00DA0CFA /* CartSearchItemCollectionViewCell.swift */ = {isa = PBXFileReference; lastKnownFileType = sourcecode.swift; path = CartSearchItemCollectionViewCell.swift; sourceTree = "<group>"; };
		66C1B29929DD121200DA0CFA /* ProductModel.swift */ = {isa = PBXFileReference; lastKnownFileType = sourcecode.swift; path = ProductModel.swift; sourceTree = "<group>"; };
		66C1B29B29DD1A3800DA0CFA /* ProductResponseModel.swift */ = {isa = PBXFileReference; lastKnownFileType = sourcecode.swift; path = ProductResponseModel.swift; sourceTree = "<group>"; };
		66CB3B3929B6F583001939F7 /* CreateCartTableViewController.swift */ = {isa = PBXFileReference; fileEncoding = 4; lastKnownFileType = sourcecode.swift; path = CreateCartTableViewController.swift; sourceTree = "<group>"; };
		66CB3B3A29B6F583001939F7 /* SelectedStoreCell.swift */ = {isa = PBXFileReference; fileEncoding = 4; lastKnownFileType = sourcecode.swift; path = SelectedStoreCell.swift; sourceTree = "<group>"; };
		66CB3B3B29B6F583001939F7 /* CreateCartStoreCell.swift */ = {isa = PBXFileReference; fileEncoding = 4; lastKnownFileType = sourcecode.swift; path = CreateCartStoreCell.swift; sourceTree = "<group>"; };
		66CB3B3C29B6F583001939F7 /* CreateCartDateCell.swift */ = {isa = PBXFileReference; fileEncoding = 4; lastKnownFileType = sourcecode.swift; path = CreateCartDateCell.swift; sourceTree = "<group>"; };
		66CB3B3D29B6F583001939F7 /* CreateCartNameCell.swift */ = {isa = PBXFileReference; fileEncoding = 4; lastKnownFileType = sourcecode.swift; path = CreateCartNameCell.swift; sourceTree = "<group>"; };
		66CB3B3E29B6F583001939F7 /* CreateCartImageCell.swift */ = {isa = PBXFileReference; fileEncoding = 4; lastKnownFileType = sourcecode.swift; path = CreateCartImageCell.swift; sourceTree = "<group>"; };
		66CB3B3F29B6F583001939F7 /* AddStoreViewController.swift */ = {isa = PBXFileReference; fileEncoding = 4; lastKnownFileType = sourcecode.swift; path = AddStoreViewController.swift; sourceTree = "<group>"; };
		66CB3B4029B6F583001939F7 /* StoreSearchViewController.swift */ = {isa = PBXFileReference; fileEncoding = 4; lastKnownFileType = sourcecode.swift; path = StoreSearchViewController.swift; sourceTree = "<group>"; };
		66CB3B4329B6F584001939F7 /* ImagePickerProtocol.swift */ = {isa = PBXFileReference; fileEncoding = 4; lastKnownFileType = sourcecode.swift; path = ImagePickerProtocol.swift; sourceTree = "<group>"; };
		66CB3B4429B6F584001939F7 /* StoreChangerProtocol.swift */ = {isa = PBXFileReference; fileEncoding = 4; lastKnownFileType = sourcecode.swift; path = StoreChangerProtocol.swift; sourceTree = "<group>"; };
		66CB3B4529B6F584001939F7 /* SearchStoreCell.swift */ = {isa = PBXFileReference; fileEncoding = 4; lastKnownFileType = sourcecode.swift; path = SearchStoreCell.swift; sourceTree = "<group>"; };
		66CB3B4629B6F584001939F7 /* CreateCartSaveCell.swift */ = {isa = PBXFileReference; fileEncoding = 4; lastKnownFileType = sourcecode.swift; path = CreateCartSaveCell.swift; sourceTree = "<group>"; };
		66CB3B4729B6F584001939F7 /* Store.swift */ = {isa = PBXFileReference; fileEncoding = 4; lastKnownFileType = sourcecode.swift; path = Store.swift; sourceTree = "<group>"; };
		66CB3B5729B6FACF001939F7 /* CartAdderProtocol.swift */ = {isa = PBXFileReference; lastKnownFileType = sourcecode.swift; path = CartAdderProtocol.swift; sourceTree = "<group>"; };
		66CB3B5929B70280001939F7 /* CartAddItemsScreenVC.swift */ = {isa = PBXFileReference; fileEncoding = 4; lastKnownFileType = sourcecode.swift; path = CartAddItemsScreenVC.swift; sourceTree = "<group>"; };
		66CB3B5A29B70280001939F7 /* CartItem.swift */ = {isa = PBXFileReference; fileEncoding = 4; lastKnownFileType = sourcecode.swift; path = CartItem.swift; sourceTree = "<group>"; };
		66CB3B5B29B70280001939F7 /* NestedCartTableViewCell.swift */ = {isa = PBXFileReference; fileEncoding = 4; lastKnownFileType = sourcecode.swift; path = NestedCartTableViewCell.swift; sourceTree = "<group>"; };
		66CB3B5C29B70280001939F7 /* CartScreenVC.swift */ = {isa = PBXFileReference; fileEncoding = 4; lastKnownFileType = sourcecode.swift; path = CartScreenVC.swift; sourceTree = "<group>"; };
		66CB3B5D29B70280001939F7 /* CartCreateCustomItemVC.swift */ = {isa = PBXFileReference; fileEncoding = 4; lastKnownFileType = sourcecode.swift; path = CartCreateCustomItemVC.swift; sourceTree = "<group>"; };
		66CB3B5E29B70281001939F7 /* CartItemTableViewCell.swift */ = {isa = PBXFileReference; fileEncoding = 4; lastKnownFileType = sourcecode.swift; path = CartItemTableViewCell.swift; sourceTree = "<group>"; };
		66CB3B5F29B70281001939F7 /* CustomTextField.swift */ = {isa = PBXFileReference; fileEncoding = 4; lastKnownFileType = sourcecode.swift; path = CustomTextField.swift; sourceTree = "<group>"; };
		66CB3B6029B70281001939F7 /* AuthUser.swift */ = {isa = PBXFileReference; fileEncoding = 4; lastKnownFileType = sourcecode.swift; path = AuthUser.swift; sourceTree = "<group>"; };
		66CB3B6129B70281001939F7 /* CartAddCustomItemsVC.swift */ = {isa = PBXFileReference; fileEncoding = 4; lastKnownFileType = sourcecode.swift; path = CartAddCustomItemsVC.swift; sourceTree = "<group>"; };
		66CB3B7A29B705C8001939F7 /* GoogleService-Info.plist */ = {isa = PBXFileReference; fileEncoding = 4; lastKnownFileType = text.plist.xml; path = "GoogleService-Info.plist"; sourceTree = "<group>"; };
		66D5853829DFA52300127E21 /* UpdateProfileInfoViewController.swift */ = {isa = PBXFileReference; fileEncoding = 4; lastKnownFileType = sourcecode.swift; path = UpdateProfileInfoViewController.swift; sourceTree = "<group>"; };
		66D5853D29DFAF2800127E21 /* AddFriendCell.swift */ = {isa = PBXFileReference; fileEncoding = 4; lastKnownFileType = sourcecode.swift; path = AddFriendCell.swift; sourceTree = "<group>"; };
		66D5853E29DFAF2900127E21 /* AddFriendsVC.swift */ = {isa = PBXFileReference; fileEncoding = 4; lastKnownFileType = sourcecode.swift; path = AddFriendsVC.swift; sourceTree = "<group>"; };
		66D5853F29DFAF2900127E21 /* Friend.swift */ = {isa = PBXFileReference; fileEncoding = 4; lastKnownFileType = sourcecode.swift; path = Friend.swift; sourceTree = "<group>"; };
		66EE4EDB29DFD19300F1E4F8 /* FriendTableViewCell.swift */ = {isa = PBXFileReference; fileEncoding = 4; lastKnownFileType = sourcecode.swift; path = FriendTableViewCell.swift; sourceTree = "<group>"; };
		66EE4EDC29DFD19300F1E4F8 /* UserTableViewCell.swift */ = {isa = PBXFileReference; fileEncoding = 4; lastKnownFileType = sourcecode.swift; path = UserTableViewCell.swift; sourceTree = "<group>"; };
		66EE4EDD29DFD19300F1E4F8 /* FriendsViewController.swift */ = {isa = PBXFileReference; fileEncoding = 4; lastKnownFileType = sourcecode.swift; path = FriendsViewController.swift; sourceTree = "<group>"; };
		66F5D76A29D3AD5200DC98B4 /* AddCartMemberCell.swift */ = {isa = PBXFileReference; lastKnownFileType = sourcecode.swift; path = AddCartMemberCell.swift; sourceTree = "<group>"; };
		740B1B3929B2D30D00493B33 /* CreateAccountViewController.swift */ = {isa = PBXFileReference; lastKnownFileType = sourcecode.swift; path = CreateAccountViewController.swift; sourceTree = "<group>"; };
		740B1B3B29B2D33E00493B33 /* LoginViewController.swift */ = {isa = PBXFileReference; lastKnownFileType = sourcecode.swift; path = LoginViewController.swift; sourceTree = "<group>"; };
		74E00E1229B592FE00C018FF /* PicPopupViewController.swift */ = {isa = PBXFileReference; lastKnownFileType = sourcecode.swift; path = PicPopupViewController.swift; sourceTree = "<group>"; };
		8214C36029B6CDF0005F7419 /* Cart.swift */ = {isa = PBXFileReference; fileEncoding = 4; lastKnownFileType = sourcecode.swift; path = Cart.swift; sourceTree = "<group>"; };
		8214C36129B6CDF0005F7419 /* MainMenuVC.swift */ = {isa = PBXFileReference; fileEncoding = 4; lastKnownFileType = sourcecode.swift; path = MainMenuVC.swift; sourceTree = "<group>"; };
		8287FBE629B6D6EE00229728 /* saveForBeta.storyboard */ = {isa = PBXFileReference; lastKnownFileType = file.storyboard; path = saveForBeta.storyboard; sourceTree = "<group>"; };
		82EE091D29B6CD8A0045DA40 /* PeronalInfoViewController.swift */ = {isa = PBXFileReference; fileEncoding = 4; lastKnownFileType = sourcecode.swift; path = PeronalInfoViewController.swift; sourceTree = "<group>"; };
		D0541ED129AD8F430053346E /* CartSquad.app */ = {isa = PBXFileReference; explicitFileType = wrapper.application; includeInIndex = 0; path = CartSquad.app; sourceTree = BUILT_PRODUCTS_DIR; };
		D0541ED429AD8F430053346E /* AppDelegate.swift */ = {isa = PBXFileReference; lastKnownFileType = sourcecode.swift; path = AppDelegate.swift; sourceTree = "<group>"; };
		D0541ED629AD8F430053346E /* SceneDelegate.swift */ = {isa = PBXFileReference; lastKnownFileType = sourcecode.swift; path = SceneDelegate.swift; sourceTree = "<group>"; };
		D0541ED829AD8F430053346E /* ViewController.swift */ = {isa = PBXFileReference; lastKnownFileType = sourcecode.swift; path = ViewController.swift; sourceTree = "<group>"; };
		D0541EDB29AD8F430053346E /* Base */ = {isa = PBXFileReference; lastKnownFileType = file.storyboard; name = Base; path = Base.lproj/Main.storyboard; sourceTree = "<group>"; };
		D0541EDD29AD8F440053346E /* Assets.xcassets */ = {isa = PBXFileReference; lastKnownFileType = folder.assetcatalog; path = Assets.xcassets; sourceTree = "<group>"; };
		D0541EE029AD8F440053346E /* Base */ = {isa = PBXFileReference; lastKnownFileType = file.storyboard; name = Base; path = Base.lproj/LaunchScreen.storyboard; sourceTree = "<group>"; };
		D0541EE229AD8F440053346E /* Info.plist */ = {isa = PBXFileReference; lastKnownFileType = text.plist.xml; path = Info.plist; sourceTree = "<group>"; };
		D074736729AFF6A600B0B1D3 /* .gitattributes */ = {isa = PBXFileReference; lastKnownFileType = text; path = .gitattributes; sourceTree = "<group>"; };
/* End PBXFileReference section */

/* Begin PBXFrameworksBuildPhase section */
		D0541ECE29AD8F430053346E /* Frameworks */ = {
			isa = PBXFrameworksBuildPhase;
			buildActionMask = 2147483647;
			files = (
				66CB3B7529B7058D001939F7 /* FirebaseFirestoreSwift in Frameworks */,
				66CB3B7929B7058D001939F7 /* FirebaseStorageCombine-Community in Frameworks */,
				66CB3B6D29B7058D001939F7 /* FirebaseAuth in Frameworks */,
				66CB3B7329B7058D001939F7 /* FirebaseFirestoreCombine-Community in Frameworks */,
				66CB3B6F29B7058D001939F7 /* FirebaseAuthCombine-Community in Frameworks */,
				66CB3B7129B7058D001939F7 /* FirebaseFirestore in Frameworks */,
				66CB3B7729B7058D001939F7 /* FirebaseStorage in Frameworks */,
			);
			runOnlyForDeploymentPostprocessing = 0;
		};
/* End PBXFrameworksBuildPhase section */

/* Begin PBXGroup section */
		66D5853C29DFAEF800127E21 /* Add Friends to Cart */ = {
			isa = PBXGroup;
			children = (
				66D5853D29DFAF2800127E21 /* AddFriendCell.swift */,
				66D5853E29DFAF2900127E21 /* AddFriendsVC.swift */,
				66D5853F29DFAF2900127E21 /* Friend.swift */,
			);
			path = "Add Friends to Cart";
			sourceTree = "<group>";
		};
		66EE4EDA29DFD17100F1E4F8 /* Friends */ = {
			isa = PBXGroup;
			children = (
				66EE4EDD29DFD19300F1E4F8 /* FriendsViewController.swift */,
				66EE4EDB29DFD19300F1E4F8 /* FriendTableViewCell.swift */,
				66EE4EDC29DFD19300F1E4F8 /* UserTableViewCell.swift */,
			);
			path = Friends;
			sourceTree = "<group>";
		};
		66F5D76829D3764200DC98B4 /* CartScreenProgression */ = {
			isa = PBXGroup;
			children = (
				66CB3B5929B70280001939F7 /* CartAddItemsScreenVC.swift */,
				66CB3B5C29B70280001939F7 /* CartScreenVC.swift */,
				66CB3B6129B70281001939F7 /* CartAddCustomItemsVC.swift */,
				66CB3B5D29B70280001939F7 /* CartCreateCustomItemVC.swift */,
				66CB3B5A29B70280001939F7 /* CartItem.swift */,
				66CB3B5E29B70281001939F7 /* CartItemTableViewCell.swift */,
				66CB3B5B29B70280001939F7 /* NestedCartTableViewCell.swift */,
				66F5D76A29D3AD5200DC98B4 /* AddCartMemberCell.swift */,
				66B95DC929D60D6F00181E8C /* EditCartSettingsTableViewController.swift */,
				66C1B29529DD010700DA0CFA /* CartSearchResultsVC.swift */,
				66C1B29729DD047C00DA0CFA /* CartSearchItemCollectionViewCell.swift */,
				66C1B29929DD121200DA0CFA /* ProductModel.swift */,
				66C1B29B29DD1A3800DA0CFA /* ProductResponseModel.swift */,
			);
			path = CartScreenProgression;
			sourceTree = "<group>";
		};
		D0541EC829AD8F430053346E = {
			isa = PBXGroup;
			children = (
				D074736729AFF6A600B0B1D3 /* .gitattributes */,
				D0541ED329AD8F430053346E /* CartSquad */,
				D0541ED229AD8F430053346E /* Products */,
			);
			sourceTree = "<group>";
		};
		D0541ED229AD8F430053346E /* Products */ = {
			isa = PBXGroup;
			children = (
				D0541ED129AD8F430053346E /* CartSquad.app */,
			);
			name = Products;
			sourceTree = "<group>";
		};
		D0541ED329AD8F430053346E /* CartSquad */ = {
			isa = PBXGroup;
			children = (
				66EE4EDA29DFD17100F1E4F8 /* Friends */,
				66F5D76829D3764200DC98B4 /* CartScreenProgression */,
				D0541ED429AD8F430053346E /* AppDelegate.swift */,
				66D5853C29DFAEF800127E21 /* Add Friends to Cart */,
				D0541ED629AD8F430053346E /* SceneDelegate.swift */,
				D0541ED829AD8F430053346E /* ViewController.swift */,
				740B1B3929B2D30D00493B33 /* CreateAccountViewController.swift */,
				740B1B3B29B2D33E00493B33 /* LoginViewController.swift */,
				82EE091D29B6CD8A0045DA40 /* PeronalInfoViewController.swift */,
				74E00E1229B592FE00C018FF /* PicPopupViewController.swift */,
				D0541EDA29AD8F430053346E /* Main.storyboard */,
				669CC8BB29DE7A0100E919EF /* DeleteCartTableViewCell.swift */,
				8287FBE629B6D6EE00229728 /* saveForBeta.storyboard */,
				8214C36029B6CDF0005F7419 /* Cart.swift */,
				8214C36129B6CDF0005F7419 /* MainMenuVC.swift */,
				D0541EDD29AD8F440053346E /* Assets.xcassets */,
				D0541EDF29AD8F440053346E /* LaunchScreen.storyboard */,
				D0541EE229AD8F440053346E /* Info.plist */,
				66CB3B7A29B705C8001939F7 /* GoogleService-Info.plist */,
				66CB3B3F29B6F583001939F7 /* AddStoreViewController.swift */,
				66CB3B3C29B6F583001939F7 /* CreateCartDateCell.swift */,
				66CB3B3E29B6F583001939F7 /* CreateCartImageCell.swift */,
				66CB3B3D29B6F583001939F7 /* CreateCartNameCell.swift */,
				66D5853829DFA52300127E21 /* UpdateProfileInfoViewController.swift */,
				66CB3B4629B6F584001939F7 /* CreateCartSaveCell.swift */,
				66CB3B3B29B6F583001939F7 /* CreateCartStoreCell.swift */,
				66CB3B3929B6F583001939F7 /* CreateCartTableViewController.swift */,
				66CB3B4329B6F584001939F7 /* ImagePickerProtocol.swift */,
				66CB3B4529B6F584001939F7 /* SearchStoreCell.swift */,
				66CB3B3A29B6F583001939F7 /* SelectedStoreCell.swift */,
				66CB3B4729B6F584001939F7 /* Store.swift */,
				66CB3B4429B6F584001939F7 /* StoreChangerProtocol.swift */,
				66CB3B4029B6F583001939F7 /* StoreSearchViewController.swift */,
				66CB3B5729B6FACF001939F7 /* CartAdderProtocol.swift */,
				66CB3B6029B70281001939F7 /* AuthUser.swift */,
				66CB3B5F29B70281001939F7 /* CustomTextField.swift */,
			);
			path = CartSquad;
			sourceTree = "<group>";
		};
/* End PBXGroup section */

/* Begin PBXNativeTarget section */
		D0541ED029AD8F430053346E /* CartSquad */ = {
			isa = PBXNativeTarget;
			buildConfigurationList = D0541EE529AD8F440053346E /* Build configuration list for PBXNativeTarget "CartSquad" */;
			buildPhases = (
				D0541ECD29AD8F430053346E /* Sources */,
				D0541ECE29AD8F430053346E /* Frameworks */,
				D0541ECF29AD8F430053346E /* Resources */,
			);
			buildRules = (
			);
			dependencies = (
			);
			name = CartSquad;
			packageProductDependencies = (
				66CB3B6C29B7058D001939F7 /* FirebaseAuth */,
				66CB3B6E29B7058D001939F7 /* FirebaseAuthCombine-Community */,
				66CB3B7029B7058D001939F7 /* FirebaseFirestore */,
				66CB3B7229B7058D001939F7 /* FirebaseFirestoreCombine-Community */,
				66CB3B7429B7058D001939F7 /* FirebaseFirestoreSwift */,
				66CB3B7629B7058D001939F7 /* FirebaseStorage */,
				66CB3B7829B7058D001939F7 /* FirebaseStorageCombine-Community */,
			);
			productName = CartSquad;
			productReference = D0541ED129AD8F430053346E /* CartSquad.app */;
			productType = "com.apple.product-type.application";
		};
/* End PBXNativeTarget section */

/* Begin PBXProject section */
		D0541EC929AD8F430053346E /* Project object */ = {
			isa = PBXProject;
			attributes = {
				BuildIndependentTargetsInParallel = 1;
				LastSwiftUpdateCheck = 1410;
				LastUpgradeCheck = 1410;
				TargetAttributes = {
					D0541ED029AD8F430053346E = {
						CreatedOnToolsVersion = 14.1;
					};
				};
			};
			buildConfigurationList = D0541ECC29AD8F430053346E /* Build configuration list for PBXProject "CartSquad" */;
			compatibilityVersion = "Xcode 14.0";
			developmentRegion = en;
			hasScannedForEncodings = 0;
			knownRegions = (
				en,
				Base,
			);
			mainGroup = D0541EC829AD8F430053346E;
			packageReferences = (
				66CB3B6B29B7058D001939F7 /* XCRemoteSwiftPackageReference "firebase-ios-sdk" */,
			);
			productRefGroup = D0541ED229AD8F430053346E /* Products */;
			projectDirPath = "";
			projectRoot = "";
			targets = (
				D0541ED029AD8F430053346E /* CartSquad */,
			);
		};
/* End PBXProject section */

/* Begin PBXResourcesBuildPhase section */
		D0541ECF29AD8F430053346E /* Resources */ = {
			isa = PBXResourcesBuildPhase;
			buildActionMask = 2147483647;
			files = (
				D0541EE129AD8F440053346E /* LaunchScreen.storyboard in Resources */,
				D0541EDE29AD8F440053346E /* Assets.xcassets in Resources */,
				D0541EDC29AD8F430053346E /* Main.storyboard in Resources */,
				8287FBE729B6D6EE00229728 /* saveForBeta.storyboard in Resources */,
				D074736829AFF6A600B0B1D3 /* .gitattributes in Resources */,
				66CB3B7B29B705C8001939F7 /* GoogleService-Info.plist in Resources */,
			);
			runOnlyForDeploymentPostprocessing = 0;
		};
/* End PBXResourcesBuildPhase section */

/* Begin PBXSourcesBuildPhase section */
		D0541ECD29AD8F430053346E /* Sources */ = {
			isa = PBXSourcesBuildPhase;
			buildActionMask = 2147483647;
			files = (
				669CC8BC29DE7A0100E919EF /* DeleteCartTableViewCell.swift in Sources */,
				66CB3B5529B6F584001939F7 /* CreateCartSaveCell.swift in Sources */,
				66CB3B4C29B6F584001939F7 /* CreateCartNameCell.swift in Sources */,
				66CB3B4929B6F584001939F7 /* SelectedStoreCell.swift in Sources */,
				66CB3B5429B6F584001939F7 /* SearchStoreCell.swift in Sources */,
				66CB3B6529B70281001939F7 /* CartScreenVC.swift in Sources */,
				66CB3B4B29B6F584001939F7 /* CreateCartDateCell.swift in Sources */,
				66D5853929DFA52300127E21 /* UpdateProfileInfoViewController.swift in Sources */,
				66CB3B6A29B70281001939F7 /* CartAddCustomItemsVC.swift in Sources */,
				66CB3B5629B6F584001939F7 /* Store.swift in Sources */,
				740B1B3A29B2D30D00493B33 /* CreateAccountViewController.swift in Sources */,
				82EE091F29B6CD8A0045DA40 /* PeronalInfoViewController.swift in Sources */,
				66D5854129DFAF2900127E21 /* AddFriendsVC.swift in Sources */,
				66CB3B4D29B6F584001939F7 /* CreateCartImageCell.swift in Sources */,
				66C1B29829DD047C00DA0CFA /* CartSearchItemCollectionViewCell.swift in Sources */,
				66EE4EDE29DFD19300F1E4F8 /* FriendTableViewCell.swift in Sources */,
				66CB3B6229B70281001939F7 /* CartAddItemsScreenVC.swift in Sources */,
				66CB3B5229B6F584001939F7 /* ImagePickerProtocol.swift in Sources */,
				66CB3B4E29B6F584001939F7 /* AddStoreViewController.swift in Sources */,
				66EE4EDF29DFD19300F1E4F8 /* UserTableViewCell.swift in Sources */,
				D0541ED929AD8F430053346E /* ViewController.swift in Sources */,
				66CB3B6729B70281001939F7 /* CartItemTableViewCell.swift in Sources */,
				66CB3B4829B6F584001939F7 /* CreateCartTableViewController.swift in Sources */,
				66CB3B6629B70281001939F7 /* CartCreateCustomItemVC.swift in Sources */,
				66CB3B6829B70281001939F7 /* CustomTextField.swift in Sources */,
				66C1B29C29DD1A3800DA0CFA /* ProductResponseModel.swift in Sources */,
				66CB3B5829B6FACF001939F7 /* CartAdderProtocol.swift in Sources */,
				74E00E1329B592FE00C018FF /* PicPopupViewController.swift in Sources */,
				66CB3B6429B70281001939F7 /* NestedCartTableViewCell.swift in Sources */,
				66F5D76B29D3AD5200DC98B4 /* AddCartMemberCell.swift in Sources */,
				8214C36329B6CDF0005F7419 /* MainMenuVC.swift in Sources */,
				D0541ED529AD8F430053346E /* AppDelegate.swift in Sources */,
				8214C36229B6CDF0005F7419 /* Cart.swift in Sources */,
				740B1B3C29B2D33E00493B33 /* LoginViewController.swift in Sources */,
				66C1B29A29DD121200DA0CFA /* ProductModel.swift in Sources */,
				66D5854029DFAF2900127E21 /* AddFriendCell.swift in Sources */,
				66CB3B6929B70281001939F7 /* AuthUser.swift in Sources */,
				D0541ED729AD8F430053346E /* SceneDelegate.swift in Sources */,
				66EE4EE029DFD19300F1E4F8 /* FriendsViewController.swift in Sources */,
				66CB3B4F29B6F584001939F7 /* StoreSearchViewController.swift in Sources */,
				66B95DCA29D60D6F00181E8C /* EditCartSettingsTableViewController.swift in Sources */,
				66CB3B5329B6F584001939F7 /* StoreChangerProtocol.swift in Sources */,
				66D5854229DFAF2900127E21 /* Friend.swift in Sources */,
				66CB3B6329B70281001939F7 /* CartItem.swift in Sources */,
				66CB3B4A29B6F584001939F7 /* CreateCartStoreCell.swift in Sources */,
				66C1B29629DD010700DA0CFA /* CartSearchResultsVC.swift in Sources */,
			);
			runOnlyForDeploymentPostprocessing = 0;
		};
/* End PBXSourcesBuildPhase section */

/* Begin PBXVariantGroup section */
		D0541EDA29AD8F430053346E /* Main.storyboard */ = {
			isa = PBXVariantGroup;
			children = (
				D0541EDB29AD8F430053346E /* Base */,
			);
			name = Main.storyboard;
			sourceTree = "<group>";
		};
		D0541EDF29AD8F440053346E /* LaunchScreen.storyboard */ = {
			isa = PBXVariantGroup;
			children = (
				D0541EE029AD8F440053346E /* Base */,
			);
			name = LaunchScreen.storyboard;
			sourceTree = "<group>";
		};
/* End PBXVariantGroup section */

/* Begin XCBuildConfiguration section */
		D0541EE329AD8F440053346E /* Debug */ = {
			isa = XCBuildConfiguration;
			buildSettings = {
				ALWAYS_SEARCH_USER_PATHS = NO;
				CLANG_ANALYZER_NONNULL = YES;
				CLANG_ANALYZER_NUMBER_OBJECT_CONVERSION = YES_AGGRESSIVE;
				CLANG_CXX_LANGUAGE_STANDARD = "gnu++20";
				CLANG_ENABLE_MODULES = YES;
				CLANG_ENABLE_OBJC_ARC = YES;
				CLANG_ENABLE_OBJC_WEAK = YES;
				CLANG_WARN_BLOCK_CAPTURE_AUTORELEASING = YES;
				CLANG_WARN_BOOL_CONVERSION = YES;
				CLANG_WARN_COMMA = YES;
				CLANG_WARN_CONSTANT_CONVERSION = YES;
				CLANG_WARN_DEPRECATED_OBJC_IMPLEMENTATIONS = YES;
				CLANG_WARN_DIRECT_OBJC_ISA_USAGE = YES_ERROR;
				CLANG_WARN_DOCUMENTATION_COMMENTS = YES;
				CLANG_WARN_EMPTY_BODY = YES;
				CLANG_WARN_ENUM_CONVERSION = YES;
				CLANG_WARN_INFINITE_RECURSION = YES;
				CLANG_WARN_INT_CONVERSION = YES;
				CLANG_WARN_NON_LITERAL_NULL_CONVERSION = YES;
				CLANG_WARN_OBJC_IMPLICIT_RETAIN_SELF = YES;
				CLANG_WARN_OBJC_LITERAL_CONVERSION = YES;
				CLANG_WARN_OBJC_ROOT_CLASS = YES_ERROR;
				CLANG_WARN_QUOTED_INCLUDE_IN_FRAMEWORK_HEADER = YES;
				CLANG_WARN_RANGE_LOOP_ANALYSIS = YES;
				CLANG_WARN_STRICT_PROTOTYPES = YES;
				CLANG_WARN_SUSPICIOUS_MOVE = YES;
				CLANG_WARN_UNGUARDED_AVAILABILITY = YES_AGGRESSIVE;
				CLANG_WARN_UNREACHABLE_CODE = YES;
				CLANG_WARN__DUPLICATE_METHOD_MATCH = YES;
				COPY_PHASE_STRIP = NO;
				DEBUG_INFORMATION_FORMAT = dwarf;
				ENABLE_STRICT_OBJC_MSGSEND = YES;
				ENABLE_TESTABILITY = YES;
				GCC_C_LANGUAGE_STANDARD = gnu11;
				GCC_DYNAMIC_NO_PIC = NO;
				GCC_NO_COMMON_BLOCKS = YES;
				GCC_OPTIMIZATION_LEVEL = 0;
				GCC_PREPROCESSOR_DEFINITIONS = (
					"DEBUG=1",
					"$(inherited)",
				);
				GCC_WARN_64_TO_32_BIT_CONVERSION = YES;
				GCC_WARN_ABOUT_RETURN_TYPE = YES_ERROR;
				GCC_WARN_UNDECLARED_SELECTOR = YES;
				GCC_WARN_UNINITIALIZED_AUTOS = YES_AGGRESSIVE;
				GCC_WARN_UNUSED_FUNCTION = YES;
				GCC_WARN_UNUSED_VARIABLE = YES;
				IPHONEOS_DEPLOYMENT_TARGET = 16.1;
				MTL_ENABLE_DEBUG_INFO = INCLUDE_SOURCE;
				MTL_FAST_MATH = YES;
				ONLY_ACTIVE_ARCH = YES;
				SDKROOT = iphoneos;
				SWIFT_ACTIVE_COMPILATION_CONDITIONS = DEBUG;
				SWIFT_OPTIMIZATION_LEVEL = "-Onone";
			};
			name = Debug;
		};
		D0541EE429AD8F440053346E /* Release */ = {
			isa = XCBuildConfiguration;
			buildSettings = {
				ALWAYS_SEARCH_USER_PATHS = NO;
				CLANG_ANALYZER_NONNULL = YES;
				CLANG_ANALYZER_NUMBER_OBJECT_CONVERSION = YES_AGGRESSIVE;
				CLANG_CXX_LANGUAGE_STANDARD = "gnu++20";
				CLANG_ENABLE_MODULES = YES;
				CLANG_ENABLE_OBJC_ARC = YES;
				CLANG_ENABLE_OBJC_WEAK = YES;
				CLANG_WARN_BLOCK_CAPTURE_AUTORELEASING = YES;
				CLANG_WARN_BOOL_CONVERSION = YES;
				CLANG_WARN_COMMA = YES;
				CLANG_WARN_CONSTANT_CONVERSION = YES;
				CLANG_WARN_DEPRECATED_OBJC_IMPLEMENTATIONS = YES;
				CLANG_WARN_DIRECT_OBJC_ISA_USAGE = YES_ERROR;
				CLANG_WARN_DOCUMENTATION_COMMENTS = YES;
				CLANG_WARN_EMPTY_BODY = YES;
				CLANG_WARN_ENUM_CONVERSION = YES;
				CLANG_WARN_INFINITE_RECURSION = YES;
				CLANG_WARN_INT_CONVERSION = YES;
				CLANG_WARN_NON_LITERAL_NULL_CONVERSION = YES;
				CLANG_WARN_OBJC_IMPLICIT_RETAIN_SELF = YES;
				CLANG_WARN_OBJC_LITERAL_CONVERSION = YES;
				CLANG_WARN_OBJC_ROOT_CLASS = YES_ERROR;
				CLANG_WARN_QUOTED_INCLUDE_IN_FRAMEWORK_HEADER = YES;
				CLANG_WARN_RANGE_LOOP_ANALYSIS = YES;
				CLANG_WARN_STRICT_PROTOTYPES = YES;
				CLANG_WARN_SUSPICIOUS_MOVE = YES;
				CLANG_WARN_UNGUARDED_AVAILABILITY = YES_AGGRESSIVE;
				CLANG_WARN_UNREACHABLE_CODE = YES;
				CLANG_WARN__DUPLICATE_METHOD_MATCH = YES;
				COPY_PHASE_STRIP = NO;
				DEBUG_INFORMATION_FORMAT = "dwarf-with-dsym";
				ENABLE_NS_ASSERTIONS = NO;
				ENABLE_STRICT_OBJC_MSGSEND = YES;
				GCC_C_LANGUAGE_STANDARD = gnu11;
				GCC_NO_COMMON_BLOCKS = YES;
				GCC_WARN_64_TO_32_BIT_CONVERSION = YES;
				GCC_WARN_ABOUT_RETURN_TYPE = YES_ERROR;
				GCC_WARN_UNDECLARED_SELECTOR = YES;
				GCC_WARN_UNINITIALIZED_AUTOS = YES_AGGRESSIVE;
				GCC_WARN_UNUSED_FUNCTION = YES;
				GCC_WARN_UNUSED_VARIABLE = YES;
				IPHONEOS_DEPLOYMENT_TARGET = 16.1;
				MTL_ENABLE_DEBUG_INFO = NO;
				MTL_FAST_MATH = YES;
				SDKROOT = iphoneos;
				SWIFT_COMPILATION_MODE = wholemodule;
				SWIFT_OPTIMIZATION_LEVEL = "-O";
				VALIDATE_PRODUCT = YES;
			};
			name = Release;
		};
		D0541EE629AD8F440053346E /* Debug */ = {
			isa = XCBuildConfiguration;
			buildSettings = {
				ASSETCATALOG_COMPILER_APPICON_NAME = AppIcon;
				ASSETCATALOG_COMPILER_GLOBAL_ACCENT_COLOR_NAME = AccentColor;
				CODE_SIGN_STYLE = Automatic;
				CURRENT_PROJECT_VERSION = 1;
				DEVELOPMENT_TEAM = Q7FSDDVS26;
				GENERATE_INFOPLIST_FILE = YES;
				INFOPLIST_FILE = CartSquad/Info.plist;
				INFOPLIST_KEY_UIApplicationSupportsIndirectInputEvents = YES;
				INFOPLIST_KEY_UILaunchStoryboardName = LaunchScreen;
				INFOPLIST_KEY_UIMainStoryboardFile = Main;
				INFOPLIST_KEY_UISupportedInterfaceOrientations_iPad = "UIInterfaceOrientationPortrait UIInterfaceOrientationPortraitUpsideDown UIInterfaceOrientationLandscapeLeft UIInterfaceOrientationLandscapeRight";
				INFOPLIST_KEY_UISupportedInterfaceOrientations_iPhone = "UIInterfaceOrientationPortrait UIInterfaceOrientationLandscapeLeft UIInterfaceOrientationLandscapeRight";
				LD_RUNPATH_SEARCH_PATHS = (
					"$(inherited)",
					"@executable_path/Frameworks",
				);
				MARKETING_VERSION = 1.0;
				PRODUCT_BUNDLE_IDENTIFIER = utcs.CartSquad;
				PRODUCT_NAME = "$(TARGET_NAME)";
				SWIFT_EMIT_LOC_STRINGS = YES;
				SWIFT_VERSION = 5.0;
				TARGETED_DEVICE_FAMILY = "1,2";
			};
			name = Debug;
		};
		D0541EE729AD8F440053346E /* Release */ = {
			isa = XCBuildConfiguration;
			buildSettings = {
				ASSETCATALOG_COMPILER_APPICON_NAME = AppIcon;
				ASSETCATALOG_COMPILER_GLOBAL_ACCENT_COLOR_NAME = AccentColor;
				CODE_SIGN_STYLE = Automatic;
				CURRENT_PROJECT_VERSION = 1;
				DEVELOPMENT_TEAM = Q7FSDDVS26;
				GENERATE_INFOPLIST_FILE = YES;
				INFOPLIST_FILE = CartSquad/Info.plist;
				INFOPLIST_KEY_UIApplicationSupportsIndirectInputEvents = YES;
				INFOPLIST_KEY_UILaunchStoryboardName = LaunchScreen;
				INFOPLIST_KEY_UIMainStoryboardFile = Main;
				INFOPLIST_KEY_UISupportedInterfaceOrientations_iPad = "UIInterfaceOrientationPortrait UIInterfaceOrientationPortraitUpsideDown UIInterfaceOrientationLandscapeLeft UIInterfaceOrientationLandscapeRight";
				INFOPLIST_KEY_UISupportedInterfaceOrientations_iPhone = "UIInterfaceOrientationPortrait UIInterfaceOrientationLandscapeLeft UIInterfaceOrientationLandscapeRight";
				LD_RUNPATH_SEARCH_PATHS = (
					"$(inherited)",
					"@executable_path/Frameworks",
				);
				MARKETING_VERSION = 1.0;
				PRODUCT_BUNDLE_IDENTIFIER = utcs.CartSquad;
				PRODUCT_NAME = "$(TARGET_NAME)";
				SWIFT_EMIT_LOC_STRINGS = YES;
				SWIFT_VERSION = 5.0;
				TARGETED_DEVICE_FAMILY = "1,2";
			};
			name = Release;
		};
/* End XCBuildConfiguration section */

/* Begin XCConfigurationList section */
		D0541ECC29AD8F430053346E /* Build configuration list for PBXProject "CartSquad" */ = {
			isa = XCConfigurationList;
			buildConfigurations = (
				D0541EE329AD8F440053346E /* Debug */,
				D0541EE429AD8F440053346E /* Release */,
			);
			defaultConfigurationIsVisible = 0;
			defaultConfigurationName = Release;
		};
		D0541EE529AD8F440053346E /* Build configuration list for PBXNativeTarget "CartSquad" */ = {
			isa = XCConfigurationList;
			buildConfigurations = (
				D0541EE629AD8F440053346E /* Debug */,
				D0541EE729AD8F440053346E /* Release */,
			);
			defaultConfigurationIsVisible = 0;
			defaultConfigurationName = Release;
		};
/* End XCConfigurationList section */

/* Begin XCRemoteSwiftPackageReference section */
		66CB3B6B29B7058D001939F7 /* XCRemoteSwiftPackageReference "firebase-ios-sdk" */ = {
			isa = XCRemoteSwiftPackageReference;
			repositoryURL = "https://github.com/firebase/firebase-ios-sdk";
			requirement = {
				kind = upToNextMajorVersion;
				minimumVersion = 9.0.0;
			};
		};
/* End XCRemoteSwiftPackageReference section */

/* Begin XCSwiftPackageProductDependency section */
		66CB3B6C29B7058D001939F7 /* FirebaseAuth */ = {
			isa = XCSwiftPackageProductDependency;
			package = 66CB3B6B29B7058D001939F7 /* XCRemoteSwiftPackageReference "firebase-ios-sdk" */;
			productName = FirebaseAuth;
		};
		66CB3B6E29B7058D001939F7 /* FirebaseAuthCombine-Community */ = {
			isa = XCSwiftPackageProductDependency;
			package = 66CB3B6B29B7058D001939F7 /* XCRemoteSwiftPackageReference "firebase-ios-sdk" */;
			productName = "FirebaseAuthCombine-Community";
		};
		66CB3B7029B7058D001939F7 /* FirebaseFirestore */ = {
			isa = XCSwiftPackageProductDependency;
			package = 66CB3B6B29B7058D001939F7 /* XCRemoteSwiftPackageReference "firebase-ios-sdk" */;
			productName = FirebaseFirestore;
		};
		66CB3B7229B7058D001939F7 /* FirebaseFirestoreCombine-Community */ = {
			isa = XCSwiftPackageProductDependency;
			package = 66CB3B6B29B7058D001939F7 /* XCRemoteSwiftPackageReference "firebase-ios-sdk" */;
			productName = "FirebaseFirestoreCombine-Community";
		};
		66CB3B7429B7058D001939F7 /* FirebaseFirestoreSwift */ = {
			isa = XCSwiftPackageProductDependency;
			package = 66CB3B6B29B7058D001939F7 /* XCRemoteSwiftPackageReference "firebase-ios-sdk" */;
			productName = FirebaseFirestoreSwift;
		};
		66CB3B7629B7058D001939F7 /* FirebaseStorage */ = {
			isa = XCSwiftPackageProductDependency;
			package = 66CB3B6B29B7058D001939F7 /* XCRemoteSwiftPackageReference "firebase-ios-sdk" */;
			productName = FirebaseStorage;
		};
		66CB3B7829B7058D001939F7 /* FirebaseStorageCombine-Community */ = {
			isa = XCSwiftPackageProductDependency;
			package = 66CB3B6B29B7058D001939F7 /* XCRemoteSwiftPackageReference "firebase-ios-sdk" */;
			productName = "FirebaseStorageCombine-Community";
		};
/* End XCSwiftPackageProductDependency section */
	};
	rootObject = D0541EC929AD8F430053346E /* Project object */;
}
